
Microsoft Visual Studio Solution File, Format Version 12.00
# Visual Studio Version 16
VisualStudioVersion = 16.0.31729.503
MinimumVisualStudioVersion = 10.0.40219.1
Project("{FAE04EC0-301F-11D3-BF4B-00C04F79EFBC}") = "FilmsSpeedRunAPI", "FilmsSpeedRunAPI\FilmsSpeedRunAPI.csproj", "{19EDAFEF-7308-4E51-9497-09BF2A609C45}"
EndProject
Project("{FAE04EC0-301F-11D3-BF4B-00C04F79EFBC}") = "DAL", "DAL\DAL.csproj", "{2E14090D-1BB3-4ADE-BC2F-2E492A92272B}"
EndProject
Project("{FAE04EC0-301F-11D3-BF4B-00C04F79EFBC}") = "BLL", "BLL\BLL.csproj", "{C271D3E4-D168-4587-8949-C6D8E25C5E39}"
EndProject
Global
	GlobalSection(SolutionConfigurationPlatforms) = preSolution
		Debug|Any CPU = Debug|Any CPU
		Release|Any CPU = Release|Any CPU
	EndGlobalSection
	GlobalSection(ProjectConfigurationPlatforms) = postSolution
		{19EDAFEF-7308-4E51-9497-09BF2A609C45}.Debug|Any CPU.ActiveCfg = Debug|Any CPU
		{19EDAFEF-7308-4E51-9497-09BF2A609C45}.Debug|Any CPU.Build.0 = Debug|Any CPU
		{19EDAFEF-7308-4E51-9497-09BF2A609C45}.Release|Any CPU.ActiveCfg = Release|Any CPU
		{19EDAFEF-7308-4E51-9497-09BF2A609C45}.Release|Any CPU.Build.0 = Release|Any CPU
		{2E14090D-1BB3-4ADE-BC2F-2E492A92272B}.Debug|Any CPU.ActiveCfg = Debug|Any CPU
		{2E14090D-1BB3-4ADE-BC2F-2E492A92272B}.Debug|Any CPU.Build.0 = Debug|Any CPU
		{2E14090D-1BB3-4ADE-BC2F-2E492A92272B}.Release|Any CPU.ActiveCfg = Release|Any CPU
		{2E14090D-1BB3-4ADE-BC2F-2E492A92272B}.Release|Any CPU.Build.0 = Release|Any CPU
		{C271D3E4-D168-4587-8949-C6D8E25C5E39}.Debug|Any CPU.ActiveCfg = Debug|Any CPU
		{C271D3E4-D168-4587-8949-C6D8E25C5E39}.Debug|Any CPU.Build.0 = Debug|Any CPU
		{C271D3E4-D168-4587-8949-C6D8E25C5E39}.Release|Any CPU.ActiveCfg = Release|Any CPU
		{C271D3E4-D168-4587-8949-C6D8E25C5E39}.Release|Any CPU.Build.0 = Release|Any CPU
	EndGlobalSection
	GlobalSection(SolutionProperties) = preSolution
		HideSolutionNode = FALSE
	EndGlobalSection
	GlobalSection(ExtensibilityGlobals) = postSolution
		SolutionGuid = {072F1ED5-4A70-4838-BCAF-0C3FEDA7EA40}
	EndGlobalSection
EndGlobal
